// !$*UTF8*$!
{
	archiveVersion = 1;
	classes = {
	};
	objectVersion = 50;
	objects = {

/* Begin PBXBuildFile section */
		340D589D24C87A27007A6281 /* GuanyuchiApp.swift in Sources */ = {isa = PBXBuildFile; fileRef = 340D589C24C87A27007A6281 /* GuanyuchiApp.swift */; };
		340D589F24C87A27007A6281 /* ContentView.swift in Sources */ = {isa = PBXBuildFile; fileRef = 340D589E24C87A27007A6281 /* ContentView.swift */; };
		340D58A124C87A2A007A6281 /* Assets.xcassets in Resources */ = {isa = PBXBuildFile; fileRef = 340D58A024C87A2A007A6281 /* Assets.xcassets */; };
		340D58A424C87A2A007A6281 /* Preview Assets.xcassets in Resources */ = {isa = PBXBuildFile; fileRef = 340D58A324C87A2A007A6281 /* Preview Assets.xcassets */; };
		340D58AF24C87A2A007A6281 /* GuanyuchiTests.swift in Sources */ = {isa = PBXBuildFile; fileRef = 340D58AE24C87A2A007A6281 /* GuanyuchiTests.swift */; };
		340D58BA24C87A2A007A6281 /* GuanyuchiUITests.swift in Sources */ = {isa = PBXBuildFile; fileRef = 340D58B924C87A2A007A6281 /* GuanyuchiUITests.swift */; };
		344D74F424C9B0B40090852F /* OrderForm.swift in Sources */ = {isa = PBXBuildFile; fileRef = 344D74F324C9B0B40090852F /* OrderForm.swift */; };
		34DF87B224C91D22004546C5 /* Food.swift in Sources */ = {isa = PBXBuildFile; fileRef = 34DF87B124C91D22004546C5 /* Food.swift */; };
		34DF87B424C91D71004546C5 /* Helper.swift in Sources */ = {isa = PBXBuildFile; fileRef = 34DF87B324C91D71004546C5 /* Helper.swift */; };
		34DF87B624C9233B004546C5 /* FoodData.swift in Sources */ = {isa = PBXBuildFile; fileRef = 34DF87B524C9233B004546C5 /* FoodData.swift */; };
		34DF87B824C92587004546C5 /* DetailRow.swift in Sources */ = {isa = PBXBuildFile; fileRef = 34DF87B724C92587004546C5 /* DetailRow.swift */; };
		34DF87BA24C92B06004546C5 /* DetailView.swift in Sources */ = {isa = PBXBuildFile; fileRef = 34DF87B924C92B06004546C5 /* DetailView.swift */; };
/* End PBXBuildFile section */

/* Begin PBXContainerItemProxy section */
		340D58AB24C87A2A007A6281 /* PBXContainerItemProxy */ = {
			isa = PBXContainerItemProxy;
			containerPortal = 340D589124C87A27007A6281 /* Project object */;
			proxyType = 1;
			remoteGlobalIDString = 340D589824C87A27007A6281;
			remoteInfo = Guanyuchi;
		};
		340D58B624C87A2A007A6281 /* PBXContainerItemProxy */ = {
			isa = PBXContainerItemProxy;
			containerPortal = 340D589124C87A27007A6281 /* Project object */;
			proxyType = 1;
			remoteGlobalIDString = 340D589824C87A27007A6281;
			remoteInfo = Guanyuchi;
		};
/* End PBXContainerItemProxy section */

/* Begin PBXFileReference section */
		340D589924C87A27007A6281 /* Guanyuchi.app */ = {isa = PBXFileReference; explicitFileType = wrapper.application; includeInIndex = 0; path = Guanyuchi.app; sourceTree = BUILT_PRODUCTS_DIR; };
		340D589C24C87A27007A6281 /* GuanyuchiApp.swift */ = {isa = PBXFileReference; lastKnownFileType = sourcecode.swift; path = GuanyuchiApp.swift; sourceTree = "<group>"; };
		340D589E24C87A27007A6281 /* ContentView.swift */ = {isa = PBXFileReference; lastKnownFileType = sourcecode.swift; path = ContentView.swift; sourceTree = "<group>"; };
		340D58A024C87A2A007A6281 /* Assets.xcassets */ = {isa = PBXFileReference; lastKnownFileType = folder.assetcatalog; path = Assets.xcassets; sourceTree = "<group>"; };
		340D58A324C87A2A007A6281 /* Preview Assets.xcassets */ = {isa = PBXFileReference; lastKnownFileType = folder.assetcatalog; path = "Preview Assets.xcassets"; sourceTree = "<group>"; };
		340D58A524C87A2A007A6281 /* Info.plist */ = {isa = PBXFileReference; lastKnownFileType = text.plist.xml; path = Info.plist; sourceTree = "<group>"; };
		340D58AA24C87A2A007A6281 /* GuanyuchiTests.xctest */ = {isa = PBXFileReference; explicitFileType = wrapper.cfbundle; includeInIndex = 0; path = GuanyuchiTests.xctest; sourceTree = BUILT_PRODUCTS_DIR; };
		340D58AE24C87A2A007A6281 /* GuanyuchiTests.swift */ = {isa = PBXFileReference; lastKnownFileType = sourcecode.swift; path = GuanyuchiTests.swift; sourceTree = "<group>"; };
		340D58B024C87A2A007A6281 /* Info.plist */ = {isa = PBXFileReference; lastKnownFileType = text.plist.xml; path = Info.plist; sourceTree = "<group>"; };
		340D58B524C87A2A007A6281 /* GuanyuchiUITests.xctest */ = {isa = PBXFileReference; explicitFileType = wrapper.cfbundle; includeInIndex = 0; path = GuanyuchiUITests.xctest; sourceTree = BUILT_PRODUCTS_DIR; };
		340D58B924C87A2A007A6281 /* GuanyuchiUITests.swift */ = {isa = PBXFileReference; lastKnownFileType = sourcecode.swift; path = GuanyuchiUITests.swift; sourceTree = "<group>"; };
		340D58BB24C87A2A007A6281 /* Info.plist */ = {isa = PBXFileReference; lastKnownFileType = text.plist.xml; path = Info.plist; sourceTree = "<group>"; };
		344D74F324C9B0B40090852F /* OrderForm.swift */ = {isa = PBXFileReference; lastKnownFileType = sourcecode.swift; path = OrderForm.swift; sourceTree = "<group>"; };
		34DF87B124C91D22004546C5 /* Food.swift */ = {isa = PBXFileReference; lastKnownFileType = sourcecode.swift; path = Food.swift; sourceTree = "<group>"; };
		34DF87B324C91D71004546C5 /* Helper.swift */ = {isa = PBXFileReference; lastKnownFileType = sourcecode.swift; path = Helper.swift; sourceTree = "<group>"; };
		34DF87B524C9233B004546C5 /* FoodData.swift */ = {isa = PBXFileReference; lastKnownFileType = sourcecode.swift; path = FoodData.swift; sourceTree = "<group>"; };
		34DF87B724C92587004546C5 /* DetailRow.swift */ = {isa = PBXFileReference; lastKnownFileType = sourcecode.swift; path = DetailRow.swift; sourceTree = "<group>"; };
		34DF87B924C92B06004546C5 /* DetailView.swift */ = {isa = PBXFileReference; lastKnownFileType = sourcecode.swift; path = DetailView.swift; sourceTree = "<group>"; };
/* End PBXFileReference section */

/* Begin PBXFrameworksBuildPhase section */
		340D589624C87A27007A6281 /* Frameworks */ = {
			isa = PBXFrameworksBuildPhase;
			buildActionMask = 2147483647;
			files = (
			);
			runOnlyForDeploymentPostprocessing = 0;
		};
		340D58A724C87A2A007A6281 /* Frameworks */ = {
			isa = PBXFrameworksBuildPhase;
			buildActionMask = 2147483647;
			files = (
			);
			runOnlyForDeploymentPostprocessing = 0;
		};
		340D58B224C87A2A007A6281 /* Frameworks */ = {
			isa = PBXFrameworksBuildPhase;
			buildActionMask = 2147483647;
			files = (
			);
			runOnlyForDeploymentPostprocessing = 0;
		};
/* End PBXFrameworksBuildPhase section */

/* Begin PBXGroup section */
		340D589024C87A27007A6281 = {
			isa = PBXGroup;
			children = (
				340D589B24C87A27007A6281 /* Guanyuchi */,
				340D58AD24C87A2A007A6281 /* GuanyuchiTests */,
				340D58B824C87A2A007A6281 /* GuanyuchiUITests */,
				340D589A24C87A27007A6281 /* Products */,
			);
			sourceTree = "<group>";
		};
		340D589A24C87A27007A6281 /* Products */ = {
			isa = PBXGroup;
			children = (
				340D589924C87A27007A6281 /* Guanyuchi.app */,
				340D58AA24C87A2A007A6281 /* GuanyuchiTests.xctest */,
				340D58B524C87A2A007A6281 /* GuanyuchiUITests.xctest */,
			);
			name = Products;
			sourceTree = "<group>";
		};
		340D589B24C87A27007A6281 /* Guanyuchi */ = {
			isa = PBXGroup;
			children = (
				34DF87B924C92B06004546C5 /* DetailView.swift */,
				34DF87B724C92587004546C5 /* DetailRow.swift */,
				340D589C24C87A27007A6281 /* GuanyuchiApp.swift */,
				340D589E24C87A27007A6281 /* ContentView.swift */,
				34DF87B124C91D22004546C5 /* Food.swift */,
				34DF87B524C9233B004546C5 /* FoodData.swift */,
				34DF87B324C91D71004546C5 /* Helper.swift */,
				344D74F324C9B0B40090852F /* OrderForm.swift */,
				340D58A024C87A2A007A6281 /* Assets.xcassets */,
				340D58A524C87A2A007A6281 /* Info.plist */,
				340D58A224C87A2A007A6281 /* Preview Content */,
			);
			path = Guanyuchi;
			sourceTree = "<group>";
		};
		340D58A224C87A2A007A6281 /* Preview Content */ = {
			isa = PBXGroup;
			children = (
				340D58A324C87A2A007A6281 /* Preview Assets.xcassets */,
			);
			path = "Preview Content";
			sourceTree = "<group>";
		};
		340D58AD24C87A2A007A6281 /* GuanyuchiTests */ = {
			isa = PBXGroup;
			children = (
				340D58AE24C87A2A007A6281 /* GuanyuchiTests.swift */,
				340D58B024C87A2A007A6281 /* Info.plist */,
			);
			path = GuanyuchiTests;
			sourceTree = "<group>";
		};
		340D58B824C87A2A007A6281 /* GuanyuchiUITests */ = {
			isa = PBXGroup;
			children = (
				340D58B924C87A2A007A6281 /* GuanyuchiUITests.swift */,
				340D58BB24C87A2A007A6281 /* Info.plist */,
			);
			path = GuanyuchiUITests;
			sourceTree = "<group>";
		};
/* End PBXGroup section */

/* Begin PBXNativeTarget section */
		340D589824C87A27007A6281 /* Guanyuchi */ = {
			isa = PBXNativeTarget;
			buildConfigurationList = 340D58BE24C87A2A007A6281 /* Build configuration list for PBXNativeTarget "Guanyuchi" */;
			buildPhases = (
				340D589524C87A27007A6281 /* Sources */,
				340D589624C87A27007A6281 /* Frameworks */,
				340D589724C87A27007A6281 /* Resources */,
			);
			buildRules = (
			);
			dependencies = (
			);
			name = Guanyuchi;
			productName = Guanyuchi;
			productReference = 340D589924C87A27007A6281 /* Guanyuchi.app */;
			productType = "com.apple.product-type.application";
		};
		340D58A924C87A2A007A6281 /* GuanyuchiTests */ = {
			isa = PBXNativeTarget;
			buildConfigurationList = 340D58C124C87A2A007A6281 /* Build configuration list for PBXNativeTarget "GuanyuchiTests" */;
			buildPhases = (
				340D58A624C87A2A007A6281 /* Sources */,
				340D58A724C87A2A007A6281 /* Frameworks */,
				340D58A824C87A2A007A6281 /* Resources */,
			);
			buildRules = (
			);
			dependencies = (
				340D58AC24C87A2A007A6281 /* PBXTargetDependency */,
			);
			name = GuanyuchiTests;
			productName = GuanyuchiTests;
			productReference = 340D58AA24C87A2A007A6281 /* GuanyuchiTests.xctest */;
			productType = "com.apple.product-type.bundle.unit-test";
		};
		340D58B424C87A2A007A6281 /* GuanyuchiUITests */ = {
			isa = PBXNativeTarget;
			buildConfigurationList = 340D58C424C87A2A007A6281 /* Build configuration list for PBXNativeTarget "GuanyuchiUITests" */;
			buildPhases = (
				340D58B124C87A2A007A6281 /* Sources */,
				340D58B224C87A2A007A6281 /* Frameworks */,
				340D58B324C87A2A007A6281 /* Resources */,
			);
			buildRules = (
			);
			dependencies = (
				340D58B724C87A2A007A6281 /* PBXTargetDependency */,
			);
			name = GuanyuchiUITests;
			productName = GuanyuchiUITests;
			productReference = 340D58B524C87A2A007A6281 /* GuanyuchiUITests.xctest */;
			productType = "com.apple.product-type.bundle.ui-testing";
		};
/* End PBXNativeTarget section */

/* Begin PBXProject section */
		340D589124C87A27007A6281 /* Project object */ = {
			isa = PBXProject;
			attributes = {
				LastSwiftUpdateCheck = 1200;
				LastUpgradeCheck = 1200;
				TargetAttributes = {
					340D589824C87A27007A6281 = {
						CreatedOnToolsVersion = 12.0;
					};
					340D58A924C87A2A007A6281 = {
						CreatedOnToolsVersion = 12.0;
						TestTargetID = 340D589824C87A27007A6281;
					};
					340D58B424C87A2A007A6281 = {
						CreatedOnToolsVersion = 12.0;
						TestTargetID = 340D589824C87A27007A6281;
					};
				};
			};
			buildConfigurationList = 340D589424C87A27007A6281 /* Build configuration list for PBXProject "Guanyuchi" */;
			compatibilityVersion = "Xcode 9.3";
			developmentRegion = en;
			hasScannedForEncodings = 0;
			knownRegions = (
				en,
				Base,
			);
			mainGroup = 340D589024C87A27007A6281;
			productRefGroup = 340D589A24C87A27007A6281 /* Products */;
			projectDirPath = "";
			projectRoot = "";
			targets = (
				340D589824C87A27007A6281 /* Guanyuchi */,
				340D58A924C87A2A007A6281 /* GuanyuchiTests */,
				340D58B424C87A2A007A6281 /* GuanyuchiUITests */,
			);
		};
/* End PBXProject section */

/* Begin PBXResourcesBuildPhase section */
		340D589724C87A27007A6281 /* Resources */ = {
			isa = PBXResourcesBuildPhase;
			buildActionMask = 2147483647;
			files = (
				340D58A424C87A2A007A6281 /* Preview Assets.xcassets in Resources */,
				340D58A124C87A2A007A6281 /* Assets.xcassets in Resources */,
			);
			runOnlyForDeploymentPostprocessing = 0;
		};
		340D58A824C87A2A007A6281 /* Resources */ = {
			isa = PBXResourcesBuildPhase;
			buildActionMask = 2147483647;
			files = (
			);
			runOnlyForDeploymentPostprocessing = 0;
		};
		340D58B324C87A2A007A6281 /* Resources */ = {
			isa = PBXResourcesBuildPhase;
			buildActionMask = 2147483647;
			files = (
			);
			runOnlyForDeploymentPostprocessing = 0;
		};
/* End PBXResourcesBuildPhase section */

/* Begin PBXSourcesBuildPhase section */
		340D589524C87A27007A6281 /* Sources */ = {
			isa = PBXSourcesBuildPhase;
			buildActionMask = 2147483647;
			files = (
				340D589F24C87A27007A6281 /* ContentView.swift in Sources */,
				340D589D24C87A27007A6281 /* GuanyuchiApp.swift in Sources */,
				344D74F424C9B0B40090852F /* OrderForm.swift in Sources */,
				34DF87B224C91D22004546C5 /* Food.swift in Sources */,
				34DF87BA24C92B06004546C5 /* DetailView.swift in Sources */,
				34DF87B624C9233B004546C5 /* FoodData.swift in Sources */,
				34DF87B424C91D71004546C5 /* Helper.swift in Sources */,
				34DF87B824C92587004546C5 /* DetailRow.swift in Sources */,
			);
			runOnlyForDeploymentPostprocessing = 0;
		};
		340D58A624C87A2A007A6281 /* Sources */ = {
			isa = PBXSourcesBuildPhase;
			buildActionMask = 2147483647;
			files = (
				340D58AF24C87A2A007A6281 /* GuanyuchiTests.swift in Sources */,
			);
			runOnlyForDeploymentPostprocessing = 0;
		};
		340D58B124C87A2A007A6281 /* Sources */ = {
			isa = PBXSourcesBuildPhase;
			buildActionMask = 2147483647;
			files = (
				340D58BA24C87A2A007A6281 /* GuanyuchiUITests.swift in Sources */,
			);
			runOnlyForDeploymentPostprocessing = 0;
		};
/* End PBXSourcesBuildPhase section */

/* Begin PBXTargetDependency section */
		340D58AC24C87A2A007A6281 /* PBXTargetDependency */ = {
			isa = PBXTargetDependency;
			target = 340D589824C87A27007A6281 /* Guanyuchi */;
			targetProxy = 340D58AB24C87A2A007A6281 /* PBXContainerItemProxy */;
		};
		340D58B724C87A2A007A6281 /* PBXTargetDependency */ = {
			isa = PBXTargetDependency;
			target = 340D589824C87A27007A6281 /* Guanyuchi */;
			targetProxy = 340D58B624C87A2A007A6281 /* PBXContainerItemProxy */;
		};
/* End PBXTargetDependency section */

/* Begin XCBuildConfiguration section */
		340D58BC24C87A2A007A6281 /* Debug */ = {
			isa = XCBuildConfiguration;
			buildSettings = {
				ALWAYS_SEARCH_USER_PATHS = NO;
				CLANG_ANALYZER_NONNULL = YES;
				CLANG_ANALYZER_NUMBER_OBJECT_CONVERSION = YES_AGGRESSIVE;
				CLANG_CXX_LANGUAGE_STANDARD = "gnu++14";
				CLANG_CXX_LIBRARY = "libc++";
				CLANG_ENABLE_MODULES = YES;
				CLANG_ENABLE_OBJC_ARC = YES;
				CLANG_ENABLE_OBJC_WEAK = YES;
				CLANG_WARN_BLOCK_CAPTURE_AUTORELEASING = YES;
				CLANG_WARN_BOOL_CONVERSION = YES;
				CLANG_WARN_COMMA = YES;
				CLANG_WARN_CONSTANT_CONVERSION = YES;
				CLANG_WARN_DEPRECATED_OBJC_IMPLEMENTATIONS = YES;
				CLANG_WARN_DIRECT_OBJC_ISA_USAGE = YES_ERROR;
				CLANG_WARN_DOCUMENTATION_COMMENTS = YES;
				CLANG_WARN_EMPTY_BODY = YES;
				CLANG_WARN_ENUM_CONVERSION = YES;
				CLANG_WARN_INFINITE_RECURSION = YES;
				CLANG_WARN_INT_CONVERSION = YES;
				CLANG_WARN_NON_LITERAL_NULL_CONVERSION = YES;
				CLANG_WARN_OBJC_IMPLICIT_RETAIN_SELF = YES;
				CLANG_WARN_OBJC_LITERAL_CONVERSION = YES;
				CLANG_WARN_OBJC_ROOT_CLASS = YES_ERROR;
				CLANG_WARN_QUOTED_INCLUDE_IN_FRAMEWORK_HEADER = YES;
				CLANG_WARN_RANGE_LOOP_ANALYSIS = YES;
				CLANG_WARN_STRICT_PROTOTYPES = YES;
				CLANG_WARN_SUSPICIOUS_MOVE = YES;
				CLANG_WARN_UNGUARDED_AVAILABILITY = YES_AGGRESSIVE;
				CLANG_WARN_UNREACHABLE_CODE = YES;
				CLANG_WARN__DUPLICATE_METHOD_MATCH = YES;
				COPY_PHASE_STRIP = NO;
				DEBUG_INFORMATION_FORMAT = dwarf;
				ENABLE_STRICT_OBJC_MSGSEND = YES;
				ENABLE_TESTABILITY = YES;
				GCC_C_LANGUAGE_STANDARD = gnu11;
				GCC_DYNAMIC_NO_PIC = NO;
				GCC_NO_COMMON_BLOCKS = YES;
				GCC_OPTIMIZATION_LEVEL = 0;
				GCC_PREPROCESSOR_DEFINITIONS = (
					"DEBUG=1",
					"$(inherited)",
				);
				GCC_WARN_64_TO_32_BIT_CONVERSION = YES;
				GCC_WARN_ABOUT_RETURN_TYPE = YES_ERROR;
				GCC_WARN_UNDECLARED_SELECTOR = YES;
				GCC_WARN_UNINITIALIZED_AUTOS = YES_AGGRESSIVE;
				GCC_WARN_UNUSED_FUNCTION = YES;
				GCC_WARN_UNUSED_VARIABLE = YES;
				IPHONEOS_DEPLOYMENT_TARGET = 14.0;
				MTL_ENABLE_DEBUG_INFO = INCLUDE_SOURCE;
				MTL_FAST_MATH = YES;
				ONLY_ACTIVE_ARCH = YES;
				SDKROOT = iphoneos;
				SWIFT_ACTIVE_COMPILATION_CONDITIONS = DEBUG;
				SWIFT_OPTIMIZATION_LEVEL = "-Onone";
			};
			name = Debug;
		};
		340D58BD24C87A2A007A6281 /* Release */ = {
			isa = XCBuildConfiguration;
			buildSettings = {
				ALWAYS_SEARCH_USER_PATHS = NO;
				CLANG_ANALYZER_NONNULL = YES;
				CLANG_ANALYZER_NUMBER_OBJECT_CONVERSION = YES_AGGRESSIVE;
				CLANG_CXX_LANGUAGE_STANDARD = "gnu++14";
				CLANG_CXX_LIBRARY = "libc++";
				CLANG_ENABLE_MODULES = YES;
				CLANG_ENABLE_OBJC_ARC = YES;
				CLANG_ENABLE_OBJC_WEAK = YES;
				CLANG_WARN_BLOCK_CAPTURE_AUTORELEASING = YES;
				CLANG_WARN_BOOL_CONVERSION = YES;
				CLANG_WARN_COMMA = YES;
				CLANG_WARN_CONSTANT_CONVERSION = YES;
				CLANG_WARN_DEPRECATED_OBJC_IMPLEMENTATIONS = YES;
				CLANG_WARN_DIRECT_OBJC_ISA_USAGE = YES_ERROR;
				CLANG_WARN_DOCUMENTATION_COMMENTS = YES;
				CLANG_WARN_EMPTY_BODY = YES;
				CLANG_WARN_ENUM_CONVERSION = YES;
				CLANG_WARN_INFINITE_RECURSION = YES;
				CLANG_WARN_INT_CONVERSION = YES;
				CLANG_WARN_NON_LITERAL_NULL_CONVERSION = YES;
				CLANG_WARN_OBJC_IMPLICIT_RETAIN_SELF = YES;
				CLANG_WARN_OBJC_LITERAL_CONVERSION = YES;
				CLANG_WARN_OBJC_ROOT_CLASS = YES_ERROR;
				CLANG_WARN_QUOTED_INCLUDE_IN_FRAMEWORK_HEADER = YES;
				CLANG_WARN_RANGE_LOOP_ANALYSIS = YES;
				CLANG_WARN_STRICT_PROTOTYPES = YES;
				CLANG_WARN_SUSPICIOUS_MOVE = YES;
				CLANG_WARN_UNGUARDED_AVAILABILITY = YES_AGGRESSIVE;
				CLANG_WARN_UNREACHABLE_CODE = YES;
				CLANG_WARN__DUPLICATE_METHOD_MATCH = YES;
				COPY_PHASE_STRIP = NO;
				DEBUG_INFORMATION_FORMAT = "dwarf-with-dsym";
				ENABLE_NS_ASSERTIONS = NO;
				ENABLE_STRICT_OBJC_MSGSEND = YES;
				GCC_C_LANGUAGE_STANDARD = gnu11;
				GCC_NO_COMMON_BLOCKS = YES;
				GCC_WARN_64_TO_32_BIT_CONVERSION = YES;
				GCC_WARN_ABOUT_RETURN_TYPE = YES_ERROR;
				GCC_WARN_UNDECLARED_SELECTOR = YES;
				GCC_WARN_UNINITIALIZED_AUTOS = YES_AGGRESSIVE;
				GCC_WARN_UNUSED_FUNCTION = YES;
				GCC_WARN_UNUSED_VARIABLE = YES;
				IPHONEOS_DEPLOYMENT_TARGET = 14.0;
				MTL_ENABLE_DEBUG_INFO = NO;
				MTL_FAST_MATH = YES;
				SDKROOT = iphoneos;
				SWIFT_COMPILATION_MODE = wholemodule;
				SWIFT_OPTIMIZATION_LEVEL = "-O";
				VALIDATE_PRODUCT = YES;
			};
			name = Release;
		};
		340D58BF24C87A2A007A6281 /* Debug */ = {
			isa = XCBuildConfiguration;
			buildSettings = {
				ASSETCATALOG_COMPILER_APPICON_NAME = AppIcon;
				ASSETCATALOG_COMPILER_GLOBAL_ACCENT_COLOR_NAME = AccentColor;
				CODE_SIGN_STYLE = Automatic;
				DEVELOPMENT_ASSET_PATHS = "\"Guanyuchi/Preview Content\"";
				ENABLE_PREVIEWS = YES;
				INFOPLIST_FILE = Guanyuchi/Info.plist;
				IPHONEOS_DEPLOYMENT_TARGET = 14.0;
				LD_RUNPATH_SEARCH_PATHS = (
					"$(inherited)",
					"@executable_path/Frameworks",
				);
				PRODUCT_BUNDLE_IDENTIFIER = com.shenxiaochun.Guanyuchi;
				PRODUCT_NAME = "$(TARGET_NAME)";
				SWIFT_VERSION = 5.0;
				TARGETED_DEVICE_FAMILY = "1,2";
			};
			name = Debug;
		};
		340D58C024C87A2A007A6281 /* Release */ = {
			isa = XCBuildConfiguration;
			buildSettings = {
				ASSETCATALOG_COMPILER_APPICON_NAME = AppIcon;
				ASSETCATALOG_COMPILER_GLOBAL_ACCENT_COLOR_NAME = AccentColor;
				CODE_SIGN_STYLE = Automatic;
				DEVELOPMENT_ASSET_PATHS = "\"Guanyuchi/Preview Content\"";
				ENABLE_PREVIEWS = YES;
				INFOPLIST_FILE = Guanyuchi/Info.plist;
				IPHONEOS_DEPLOYMENT_TARGET = 14.0;
				LD_RUNPATH_SEARCH_PATHS = (
					"$(inherited)",
					"@executable_path/Frameworks",
				);
				PRODUCT_BUNDLE_IDENTIFIER = com.shenxiaochun.Guanyuchi;
				PRODUCT_NAME = "$(TARGET_NAME)";
				SWIFT_VERSION = 5.0;
				TARGETED_DEVICE_FAMILY = "1,2";
			};
			name = Release;
		};
		340D58C224C87A2A007A6281 /* Debug */ = {
			isa = XCBuildConfiguration;
			buildSettings = {
				ALWAYS_EMBED_SWIFT_STANDARD_LIBRARIES = YES;
				BUNDLE_LOADER = "$(TEST_HOST)";
				CODE_SIGN_STYLE = Automatic;
				INFOPLIST_FILE = GuanyuchiTests/Info.plist;
				IPHONEOS_DEPLOYMENT_TARGET = 14.0;
				LD_RUNPATH_SEARCH_PATHS = (
					"$(inherited)",
					"@executable_path/Frameworks",
					"@loader_path/Frameworks",
				);
				PRODUCT_BUNDLE_IDENTIFIER = com.shenxiaochun.GuanyuchiTests;
				PRODUCT_NAME = "$(TARGET_NAME)";
				SWIFT_VERSION = 5.0;
				TARGETED_DEVICE_FAMILY = "1,2";
				TEST_HOST = "$(BUILT_PRODUCTS_DIR)/Guanyuchi.app/Guanyuchi";
			};
			name = Debug;
		};
		340D58C324C87A2A007A6281 /* Release */ = {
			isa = XCBuildConfiguration;
			buildSettings = {
				ALWAYS_EMBED_SWIFT_STANDARD_LIBRARIES = YES;
				BUNDLE_LOADER = "$(TEST_HOST)";
				CODE_SIGN_STYLE = Automatic;
				INFOPLIST_FILE = GuanyuchiTests/Info.plist;
				IPHONEOS_DEPLOYMENT_TARGET = 14.0;
				LD_RUNPATH_SEARCH_PATHS = (
					"$(inherited)",
					"@executable_path/Frameworks",
					"@loader_path/Frameworks",
				);
				PRODUCT_BUNDLE_IDENTIFIER = com.shenxiaochun.GuanyuchiTests;
				PRODUCT_NAME = "$(TARGET_NAME)";
				SWIFT_VERSION = 5.0;
				TARGETED_DEVICE_FAMILY = "1,2";
				TEST_HOST = "$(BUILT_PRODUCTS_DIR)/Guanyuchi.app/Guanyuchi";
			};
			name = Release;
		};
		340D58C524C87A2A007A6281 /* Debug */ = {
			isa = XCBuildConfiguration;
			buildSettings = {
				ALWAYS_EMBED_SWIFT_STANDARD_LIBRARIES = YES;
				CODE_SIGN_STYLE = Automatic;
				INFOPLIST_FILE = GuanyuchiUITests/Info.plist;
				LD_RUNPATH_SEARCH_PATHS = (
					"$(inherited)",
					"@executable_path/Frameworks",
					"@loader_path/Frameworks",
				);
				PRODUCT_BUNDLE_IDENTIFIER = com.shenxiaochun.GuanyuchiUITests;
				PRODUCT_NAME = "$(TARGET_NAME)";
				SWIFT_VERSION = 5.0;
				TARGETED_DEVICE_FAMILY = "1,2";
				TEST_TARGET_NAME = Guanyuchi;
			};
			name = Debug;
		};
		340D58C624C87A2A007A6281 /* Release */ = {
			isa = XCBuildConfiguration;
			buildSettings = {
				ALWAYS_EMBED_SWIFT_STANDARD_LIBRARIES = YES;
				CODE_SIGN_STYLE = Automatic;
				INFOPLIST_FILE = GuanyuchiUITests/Info.plist;
				LD_RUNPATH_SEARCH_PATHS = (
					"$(inherited)",
					"@executable_path/Frameworks",
					"@loader_path/Frameworks",
				);
				PRODUCT_BUNDLE_IDENTIFIER = com.shenxiaochun.GuanyuchiUITests;
				PRODUCT_NAME = "$(TARGET_NAME)";
				SWIFT_VERSION = 5.0;
				TARGETED_DEVICE_FAMILY = "1,2";
				TEST_TARGET_NAME = Guanyuchi;
			};
			name = Release;
		};
/* End XCBuildConfiguration section */

/* Begin XCConfigurationList section */
		340D589424C87A27007A6281 /* Build configuration list for PBXProject "Guanyuchi" */ = {
			isa = XCConfigurationList;
			buildConfigurations = (
				340D58BC24C87A2A007A6281 /* Debug */,
				340D58BD24C87A2A007A6281 /* Release */,
			);
			defaultConfigurationIsVisible = 0;
			defaultConfigurationName = Release;
		};
		340D58BE24C87A2A007A6281 /* Build configuration list for PBXNativeTarget "Guanyuchi" */ = {
			isa = XCConfigurationList;
			buildConfigurations = (
				340D58BF24C87A2A007A6281 /* Debug */,
				340D58C024C87A2A007A6281 /* Release */,
			);
			defaultConfigurationIsVisible = 0;
			defaultConfigurationName = Release;
		};
		340D58C124C87A2A007A6281 /* Build configuration list for PBXNativeTarget "GuanyuchiTests" */ = {
			isa = XCConfigurationList;
			buildConfigurations = (
				340D58C224C87A2A007A6281 /* Debug */,
				340D58C324C87A2A007A6281 /* Release */,
			);
			defaultConfigurationIsVisible = 0;
			defaultConfigurationName = Release;
		};
		340D58C424C87A2A007A6281 /* Build configuration list for PBXNativeTarget "GuanyuchiUITests" */ = {
			isa = XCConfigurationList;
			buildConfigurations = (
				340D58C524C87A2A007A6281 /* Debug */,
				340D58C624C87A2A007A6281 /* Release */,
			);
			defaultConfigurationIsVisible = 0;
			defaultConfigurationName = Release;
		};
/* End XCConfigurationList section */
	};
	rootObject = 340D589124C87A27007A6281 /* Project object */;
}
